
Microsoft Visual Studio Solution File, Format Version 12.00
# Visual Studio 15
VisualStudioVersion = 15.0.26403.7
MinimumVisualStudioVersion = 10.0.40219.1
Project("{2150E333-8FDC-42A3-9474-1A3956D46DE8}") = "docs", "docs", "{13EFEBED-1DDF-4EDA-BE05-6904F09A74B7}"
	ProjectSection(SolutionItems) = preProject
		Lesson1-homework.txt = Lesson1-homework.txt
		Lesson1.txt = Lesson1.txt
		Lesson10-Homework.txt = Lesson10-Homework.txt
		Lesson2-homework.txt = Lesson2-homework.txt
		Lesson2.txt = Lesson2.txt
		Lesson3-homework.txt = Lesson3-homework.txt
		Lesson4-homework.txt = Lesson4-homework.txt
		Lesson5-homework.txt = Lesson5-homework.txt
		Lesson5.txt = Lesson5.txt
		Lesson6 - homework.txt = Lesson6 - homework.txt
		Lesson6.txt = Lesson6.txt
		Lesson7-homework.txt = Lesson7-homework.txt
		Lesson8-homework.txt = Lesson8-homework.txt
		Lesson8.txt = Lesson8.txt
	EndProjectSection
EndProject
Project("{FAE04EC0-301F-11D3-BF4B-00C04F79EFBC}") = "SampleConsoleApp", "SampleConsoleApp\SampleConsoleApp.csproj", "{E731F0CD-DB28-47ED-A5F3-80C6D107984B}"
EndProject
Project("{FAE04EC0-301F-11D3-BF4B-00C04F79EFBC}") = "Practice.Homework", "homework1\Practice.Homework.csproj", "{97B06197-1352-4C45-A471-855943D3A4C8}"
EndProject
Project("{FAE04EC0-301F-11D3-BF4B-00C04F79EFBC}") = "Practice.Homeworks-lession2", "Practice.Homeworks-lession2\Practice.Homeworks-lession2.csproj", "{5DBBB029-DB8D-4F8E-A5F1-F47949E0F58B}"
EndProject
Project("{FAE04EC0-301F-11D3-BF4B-00C04F79EFBC}") = "EmployeeManagementApp", "EmployeeManagementApp\EmployeeManagementApp.csproj", "{CBA8F49B-B6C4-4CA3-BDEA-9E1AAA837150}"
EndProject
Project("{2150E333-8FDC-42A3-9474-1A3956D46DE8}") = "LinqToObject", "LinqToObject", "{3D4A62B7-DB70-46A4-94F2-6A92307FC2DD}"
EndProject
Project("{FAE04EC0-301F-11D3-BF4B-00C04F79EFBC}") = "MyCountry", "MyCountry\MyCountry.csproj", "{FBDE9C23-5539-4EA0-A700-12C4DB948273}"
EndProject
Project("{FAE04EC0-301F-11D3-BF4B-00C04F79EFBC}") = "MyCountryApp", "MyCountryApp\MyCountryApp.csproj", "{7EF3DB40-0C98-4665-8E00-9A1AC9701F15}"
EndProject
Project("{2150E333-8FDC-42A3-9474-1A3956D46DE8}") = "EF", "EF", "{34EBB39F-E19B-40C8-9AD2-DB591EB2A884}"
EndProject
Project("{FAE04EC0-301F-11D3-BF4B-00C04F79EFBC}") = "CustomerManagerApp", "CustomerManagerApp\CustomerManagerApp.csproj", "{BEC41FC1-7F78-4EC3-ACFE-FAA9CB31A1D7}"
EndProject
Global
	GlobalSection(SolutionConfigurationPlatforms) = preSolution
		Debug|Any CPU = Debug|Any CPU
		Release|Any CPU = Release|Any CPU
	EndGlobalSection
	GlobalSection(ProjectConfigurationPlatforms) = postSolution
		{E731F0CD-DB28-47ED-A5F3-80C6D107984B}.Debug|Any CPU.ActiveCfg = Debug|Any CPU
		{E731F0CD-DB28-47ED-A5F3-80C6D107984B}.Debug|Any CPU.Build.0 = Debug|Any CPU
		{E731F0CD-DB28-47ED-A5F3-80C6D107984B}.Release|Any CPU.ActiveCfg = Release|Any CPU
		{E731F0CD-DB28-47ED-A5F3-80C6D107984B}.Release|Any CPU.Build.0 = Release|Any CPU
		{97B06197-1352-4C45-A471-855943D3A4C8}.Debug|Any CPU.ActiveCfg = Debug|Any CPU
		{97B06197-1352-4C45-A471-855943D3A4C8}.Debug|Any CPU.Build.0 = Debug|Any CPU
		{97B06197-1352-4C45-A471-855943D3A4C8}.Release|Any CPU.ActiveCfg = Release|Any CPU
		{97B06197-1352-4C45-A471-855943D3A4C8}.Release|Any CPU.Build.0 = Release|Any CPU
		{5DBBB029-DB8D-4F8E-A5F1-F47949E0F58B}.Debug|Any CPU.ActiveCfg = Debug|Any CPU
		{5DBBB029-DB8D-4F8E-A5F1-F47949E0F58B}.Debug|Any CPU.Build.0 = Debug|Any CPU
		{5DBBB029-DB8D-4F8E-A5F1-F47949E0F58B}.Release|Any CPU.ActiveCfg = Release|Any CPU
		{5DBBB029-DB8D-4F8E-A5F1-F47949E0F58B}.Release|Any CPU.Build.0 = Release|Any CPU
		{CBA8F49B-B6C4-4CA3-BDEA-9E1AAA837150}.Debug|Any CPU.ActiveCfg = Debug|Any CPU
		{CBA8F49B-B6C4-4CA3-BDEA-9E1AAA837150}.Debug|Any CPU.Build.0 = Debug|Any CPU
		{CBA8F49B-B6C4-4CA3-BDEA-9E1AAA837150}.Release|Any CPU.ActiveCfg = Release|Any CPU
		{CBA8F49B-B6C4-4CA3-BDEA-9E1AAA837150}.Release|Any CPU.Build.0 = Release|Any CPU
		{FBDE9C23-5539-4EA0-A700-12C4DB948273}.Debug|Any CPU.ActiveCfg = Debug|Any CPU
		{FBDE9C23-5539-4EA0-A700-12C4DB948273}.Debug|Any CPU.Build.0 = Debug|Any CPU
		{FBDE9C23-5539-4EA0-A700-12C4DB948273}.Release|Any CPU.ActiveCfg = Release|Any CPU
		{FBDE9C23-5539-4EA0-A700-12C4DB948273}.Release|Any CPU.Build.0 = Release|Any CPU
		{7EF3DB40-0C98-4665-8E00-9A1AC9701F15}.Debug|Any CPU.ActiveCfg = Debug|Any CPU
		{7EF3DB40-0C98-4665-8E00-9A1AC9701F15}.Debug|Any CPU.Build.0 = Debug|Any CPU
		{7EF3DB40-0C98-4665-8E00-9A1AC9701F15}.Release|Any CPU.ActiveCfg = Release|Any CPU
		{7EF3DB40-0C98-4665-8E00-9A1AC9701F15}.Release|Any CPU.Build.0 = Release|Any CPU
		{BEC41FC1-7F78-4EC3-ACFE-FAA9CB31A1D7}.Debug|Any CPU.ActiveCfg = Debug|Any CPU
		{BEC41FC1-7F78-4EC3-ACFE-FAA9CB31A1D7}.Debug|Any CPU.Build.0 = Debug|Any CPU
		{BEC41FC1-7F78-4EC3-ACFE-FAA9CB31A1D7}.Release|Any CPU.ActiveCfg = Release|Any CPU
		{BEC41FC1-7F78-4EC3-ACFE-FAA9CB31A1D7}.Release|Any CPU.Build.0 = Release|Any CPU
	EndGlobalSection
	GlobalSection(SolutionProperties) = preSolution
		HideSolutionNode = FALSE
	EndGlobalSection
	GlobalSection(NestedProjects) = preSolution
		{FBDE9C23-5539-4EA0-A700-12C4DB948273} = {3D4A62B7-DB70-46A4-94F2-6A92307FC2DD}
		{7EF3DB40-0C98-4665-8E00-9A1AC9701F15} = {3D4A62B7-DB70-46A4-94F2-6A92307FC2DD}
		{BEC41FC1-7F78-4EC3-ACFE-FAA9CB31A1D7} = {34EBB39F-E19B-40C8-9AD2-DB591EB2A884}
	EndGlobalSection
	GlobalSection(ExtensibilityGlobals) = postSolution
		SolutionGuid = {FAA1C40F-BE42-4C25-9374-F0134028D4FE}
	EndGlobalSection
EndGlobal
