
Microsoft Visual Studio Solution File, Format Version 12.00
# Visual Studio 15
VisualStudioVersion = 15.0.26403.7
MinimumVisualStudioVersion = 10.0.40219.1
Project("{FAE04EC0-301F-11D3-BF4B-00C04F79EFBC}") = "DbFirst", "DbFirst.csproj", "{AB97D923-B44F-4CCB-85A4-B69BF80D0963}"
EndProject
Global
	GlobalSection(SolutionConfigurationPlatforms) = preSolution
		Debug|Any CPU = Debug|Any CPU
		Release|Any CPU = Release|Any CPU
	EndGlobalSection
	GlobalSection(ProjectConfigurationPlatforms) = postSolution
		{AB97D923-B44F-4CCB-85A4-B69BF80D0963}.Debug|Any CPU.ActiveCfg = Debug|Any CPU
		{AB97D923-B44F-4CCB-85A4-B69BF80D0963}.Debug|Any CPU.Build.0 = Debug|Any CPU
		{AB97D923-B44F-4CCB-85A4-B69BF80D0963}.Release|Any CPU.ActiveCfg = Release|Any CPU
		{AB97D923-B44F-4CCB-85A4-B69BF80D0963}.Release|Any CPU.Build.0 = Release|Any CPU
	EndGlobalSection
	GlobalSection(SolutionProperties) = preSolution
		HideSolutionNode = FALSE
	EndGlobalSection
EndGlobal
